
Microsoft Visual Studio Solution File, Format Version 12.00
# Visual Studio 15
VisualStudioVersion = 15.0.27130.2010
MinimumVisualStudioVersion = 10.0.40219.1
Project("{9A19103F-16F7-4668-BE54-9A1E7A4F7556}") = "ExpenseBuddy.Web", "ExpenseBuddy.Web\ExpenseBuddy.Web.csproj", "{14C3CF43-B1B7-4145-84AC-7EEF16B7B4A3}"
EndProject
Project("{9A19103F-16F7-4668-BE54-9A1E7A4F7556}") = "ExpenseBuddy.Data", "ExpenseBuddy.Data\ExpenseBuddy.Data.csproj", "{763772BA-EEC9-4538-A0C9-BB7CB0AD6191}"
EndProject
Project("{9A19103F-16F7-4668-BE54-9A1E7A4F7556}") = "ExpenseBuddy.Common", "ExpenseBuddy.Common\ExpenseBuddy.Common.csproj", "{ADE807B4-DA5F-4D33-AD12-A90A9831A8DA}"
EndProject
Project("{9A19103F-16F7-4668-BE54-9A1E7A4F7556}") = "ExpenseBuddy.Services", "ExpenseBuddy.Services\ExpenseBuddy.Services.csproj", "{9FC6E331-0C4A-452D-8765-AF9F05641E91}"
EndProject
Project("{FAE04EC0-301F-11D3-BF4B-00C04F79EFBC}") = "ExpenseBuddy.Tests", "ExpenseBuddy.Tests\ExpenseBuddy.Tests.csproj", "{4C3CF3E9-A548-4633-9424-F5D375CD681C}"
EndProject
Global
	GlobalSection(SolutionConfigurationPlatforms) = preSolution
		Debug|Any CPU = Debug|Any CPU
		Release|Any CPU = Release|Any CPU
	EndGlobalSection
	GlobalSection(ProjectConfigurationPlatforms) = postSolution
		{14C3CF43-B1B7-4145-84AC-7EEF16B7B4A3}.Debug|Any CPU.ActiveCfg = Debug|Any CPU
		{14C3CF43-B1B7-4145-84AC-7EEF16B7B4A3}.Debug|Any CPU.Build.0 = Debug|Any CPU
		{14C3CF43-B1B7-4145-84AC-7EEF16B7B4A3}.Release|Any CPU.ActiveCfg = Release|Any CPU
		{14C3CF43-B1B7-4145-84AC-7EEF16B7B4A3}.Release|Any CPU.Build.0 = Release|Any CPU
		{763772BA-EEC9-4538-A0C9-BB7CB0AD6191}.Debug|Any CPU.ActiveCfg = Debug|Any CPU
		{763772BA-EEC9-4538-A0C9-BB7CB0AD6191}.Debug|Any CPU.Build.0 = Debug|Any CPU
		{763772BA-EEC9-4538-A0C9-BB7CB0AD6191}.Release|Any CPU.ActiveCfg = Release|Any CPU
		{763772BA-EEC9-4538-A0C9-BB7CB0AD6191}.Release|Any CPU.Build.0 = Release|Any CPU
		{ADE807B4-DA5F-4D33-AD12-A90A9831A8DA}.Debug|Any CPU.ActiveCfg = Debug|Any CPU
		{ADE807B4-DA5F-4D33-AD12-A90A9831A8DA}.Debug|Any CPU.Build.0 = Debug|Any CPU
		{ADE807B4-DA5F-4D33-AD12-A90A9831A8DA}.Release|Any CPU.ActiveCfg = Release|Any CPU
		{ADE807B4-DA5F-4D33-AD12-A90A9831A8DA}.Release|Any CPU.Build.0 = Release|Any CPU
		{9FC6E331-0C4A-452D-8765-AF9F05641E91}.Debug|Any CPU.ActiveCfg = Debug|Any CPU
		{9FC6E331-0C4A-452D-8765-AF9F05641E91}.Debug|Any CPU.Build.0 = Debug|Any CPU
		{9FC6E331-0C4A-452D-8765-AF9F05641E91}.Release|Any CPU.ActiveCfg = Release|Any CPU
		{9FC6E331-0C4A-452D-8765-AF9F05641E91}.Release|Any CPU.Build.0 = Release|Any CPU
		{4C3CF3E9-A548-4633-9424-F5D375CD681C}.Debug|Any CPU.ActiveCfg = Debug|Any CPU
		{4C3CF3E9-A548-4633-9424-F5D375CD681C}.Debug|Any CPU.Build.0 = Debug|Any CPU
		{4C3CF3E9-A548-4633-9424-F5D375CD681C}.Release|Any CPU.ActiveCfg = Release|Any CPU
		{4C3CF3E9-A548-4633-9424-F5D375CD681C}.Release|Any CPU.Build.0 = Release|Any CPU
	EndGlobalSection
	GlobalSection(SolutionProperties) = preSolution
		HideSolutionNode = FALSE
	EndGlobalSection
	GlobalSection(ExtensibilityGlobals) = postSolution
		SolutionGuid = {BB8B46C9-9C76-4FC5-951C-8079E8442EEB}
	EndGlobalSection
EndGlobal
